
Microsoft Visual Studio Solution File, Format Version 12.00
# Visual Studio Version 16
VisualStudioVersion = 16.0.31613.86
MinimumVisualStudioVersion = 10.0.40219.1
Project("{FAE04EC0-301F-11D3-BF4B-00C04F79EFBC}") = "Receipt", "Receipt\Receipt.csproj", "{036DED3F-1E5E-4943-98FB-F8F58D61D82A}"
EndProject
Global
	GlobalSection(SolutionConfigurationPlatforms) = preSolution
		Debug|Any CPU = Debug|Any CPU
		Release|Any CPU = Release|Any CPU
	EndGlobalSection
	GlobalSection(ProjectConfigurationPlatforms) = postSolution
		{036DED3F-1E5E-4943-98FB-F8F58D61D82A}.Debug|Any CPU.ActiveCfg = Debug|Any CPU
		{036DED3F-1E5E-4943-98FB-F8F58D61D82A}.Debug|Any CPU.Build.0 = Debug|Any CPU
		{036DED3F-1E5E-4943-98FB-F8F58D61D82A}.Release|Any CPU.ActiveCfg = Release|Any CPU
		{036DED3F-1E5E-4943-98FB-F8F58D61D82A}.Release|Any CPU.Build.0 = Release|Any CPU
	EndGlobalSection
	GlobalSection(SolutionProperties) = preSolution
		HideSolutionNode = FALSE
	EndGlobalSection
	GlobalSection(ExtensibilityGlobals) = postSolution
		SolutionGuid = {691FA58D-2C3D-46B0-A9B8-2930B6E12E77}
	EndGlobalSection
EndGlobal
